// !$*UTF8*$!
{
	archiveVersion = 1;
	classes = {
	};
	objectVersion = 48;
	objects = {

/* Begin PBXBuildFile section */
		458301A41FB8E7700087C6BA /* AppDelegate.swift in Sources */ = {isa = PBXBuildFile; fileRef = 458301A31FB8E7700087C6BA /* AppDelegate.swift */; };
		458301A61FB8E7700087C6BA /* ViewController.swift in Sources */ = {isa = PBXBuildFile; fileRef = 458301A51FB8E7700087C6BA /* ViewController.swift */; };
		458301A91FB8E7700087C6BA /* Main.storyboard in Resources */ = {isa = PBXBuildFile; fileRef = 458301A71FB8E7700087C6BA /* Main.storyboard */; };
		458301AC1FB8E7700087C6BA /* ChainAnimation.xcdatamodeld in Sources */ = {isa = PBXBuildFile; fileRef = 458301AA1FB8E7700087C6BA /* ChainAnimation.xcdatamodeld */; };
		458301AE1FB8E7700087C6BA /* Assets.xcassets in Resources */ = {isa = PBXBuildFile; fileRef = 458301AD1FB8E7700087C6BA /* Assets.xcassets */; };
		458301B11FB8E7700087C6BA /* LaunchScreen.storyboard in Resources */ = {isa = PBXBuildFile; fileRef = 458301AF1FB8E7700087C6BA /* LaunchScreen.storyboard */; };
		458301BC1FB8E7710087C6BA /* ChainAnimationTests.swift in Sources */ = {isa = PBXBuildFile; fileRef = 458301BB1FB8E7710087C6BA /* ChainAnimationTests.swift */; };
		458301C71FB8E7710087C6BA /* ChainAnimationUITests.swift in Sources */ = {isa = PBXBuildFile; fileRef = 458301C61FB8E7710087C6BA /* ChainAnimationUITests.swift */; };
		458301D51FB9003F0087C6BA /* RoundButton.swift in Sources */ = {isa = PBXBuildFile; fileRef = 458301D41FB9003F0087C6BA /* RoundButton.swift */; };
		45CF46AB1FB9CF3500AC338F /* UIViewX.swift in Sources */ = {isa = PBXBuildFile; fileRef = 45CF46AA1FB9CF3500AC338F /* UIViewX.swift */; };
		45CF46AF1FB9D17D00AC338F /* RateFoodVC.swift in Sources */ = {isa = PBXBuildFile; fileRef = 45CF46AE1FB9D17D00AC338F /* RateFoodVC.swift */; };
/* End PBXBuildFile section */

/* Begin PBXContainerItemProxy section */
		458301B81FB8E7710087C6BA /* PBXContainerItemProxy */ = {
			isa = PBXContainerItemProxy;
			containerPortal = 458301981FB8E7700087C6BA /* Project object */;
			proxyType = 1;
			remoteGlobalIDString = 4583019F1FB8E7700087C6BA;
			remoteInfo = ChainAnimation;
		};
		458301C31FB8E7710087C6BA /* PBXContainerItemProxy */ = {
			isa = PBXContainerItemProxy;
			containerPortal = 458301981FB8E7700087C6BA /* Project object */;
			proxyType = 1;
			remoteGlobalIDString = 4583019F1FB8E7700087C6BA;
			remoteInfo = ChainAnimation;
		};
/* End PBXContainerItemProxy section */

/* Begin PBXFileReference section */
		458301A01FB8E7700087C6BA /* ChainAnimation.app */ = {isa = PBXFileReference; explicitFileType = wrapper.application; includeInIndex = 0; path = ChainAnimation.app; sourceTree = BUILT_PRODUCTS_DIR; };
		458301A31FB8E7700087C6BA /* AppDelegate.swift */ = {isa = PBXFileReference; lastKnownFileType = sourcecode.swift; path = AppDelegate.swift; sourceTree = "<group>"; };
		458301A51FB8E7700087C6BA /* ViewController.swift */ = {isa = PBXFileReference; lastKnownFileType = sourcecode.swift; path = ViewController.swift; sourceTree = "<group>"; };
		458301A81FB8E7700087C6BA /* Base */ = {isa = PBXFileReference; lastKnownFileType = file.storyboard; name = Base; path = Base.lproj/Main.storyboard; sourceTree = "<group>"; };
		458301AB1FB8E7700087C6BA /* ChainAnimation.xcdatamodel */ = {isa = PBXFileReference; lastKnownFileType = wrapper.xcdatamodel; path = ChainAnimation.xcdatamodel; sourceTree = "<group>"; };
		458301AD1FB8E7700087C6BA /* Assets.xcassets */ = {isa = PBXFileReference; lastKnownFileType = folder.assetcatalog; path = Assets.xcassets; sourceTree = "<group>"; };
		458301B01FB8E7700087C6BA /* Base */ = {isa = PBXFileReference; lastKnownFileType = file.storyboard; name = Base; path = Base.lproj/LaunchScreen.storyboard; sourceTree = "<group>"; };
		458301B21FB8E7700087C6BA /* Info.plist */ = {isa = PBXFileReference; lastKnownFileType = text.plist.xml; path = Info.plist; sourceTree = "<group>"; };
		458301B71FB8E7710087C6BA /* ChainAnimationTests.xctest */ = {isa = PBXFileReference; explicitFileType = wrapper.cfbundle; includeInIndex = 0; path = ChainAnimationTests.xctest; sourceTree = BUILT_PRODUCTS_DIR; };
		458301BB1FB8E7710087C6BA /* ChainAnimationTests.swift */ = {isa = PBXFileReference; lastKnownFileType = sourcecode.swift; path = ChainAnimationTests.swift; sourceTree = "<group>"; };
		458301BD1FB8E7710087C6BA /* Info.plist */ = {isa = PBXFileReference; lastKnownFileType = text.plist.xml; path = Info.plist; sourceTree = "<group>"; };
		458301C21FB8E7710087C6BA /* ChainAnimationUITests.xctest */ = {isa = PBXFileReference; explicitFileType = wrapper.cfbundle; includeInIndex = 0; path = ChainAnimationUITests.xctest; sourceTree = BUILT_PRODUCTS_DIR; };
		458301C61FB8E7710087C6BA /* ChainAnimationUITests.swift */ = {isa = PBXFileReference; lastKnownFileType = sourcecode.swift; path = ChainAnimationUITests.swift; sourceTree = "<group>"; };
		458301C81FB8E7710087C6BA /* Info.plist */ = {isa = PBXFileReference; lastKnownFileType = text.plist.xml; path = Info.plist; sourceTree = "<group>"; };
		458301D41FB9003F0087C6BA /* RoundButton.swift */ = {isa = PBXFileReference; lastKnownFileType = sourcecode.swift; path = RoundButton.swift; sourceTree = "<group>"; };
		45CF46AA1FB9CF3500AC338F /* UIViewX.swift */ = {isa = PBXFileReference; fileEncoding = 4; lastKnownFileType = sourcecode.swift; path = UIViewX.swift; sourceTree = "<group>"; };
		45CF46AE1FB9D17D00AC338F /* RateFoodVC.swift */ = {isa = PBXFileReference; lastKnownFileType = sourcecode.swift; path = RateFoodVC.swift; sourceTree = "<group>"; };
/* End PBXFileReference section */

/* Begin PBXFrameworksBuildPhase section */
		4583019D1FB8E7700087C6BA /* Frameworks */ = {
			isa = PBXFrameworksBuildPhase;
			buildActionMask = 2147483647;
			files = (
			);
			runOnlyForDeploymentPostprocessing = 0;
		};
		458301B41FB8E7710087C6BA /* Frameworks */ = {
			isa = PBXFrameworksBuildPhase;
			buildActionMask = 2147483647;
			files = (
			);
			runOnlyForDeploymentPostprocessing = 0;
		};
		458301BF1FB8E7710087C6BA /* Frameworks */ = {
			isa = PBXFrameworksBuildPhase;
			buildActionMask = 2147483647;
			files = (
			);
			runOnlyForDeploymentPostprocessing = 0;
		};
/* End PBXFrameworksBuildPhase section */

/* Begin PBXGroup section */
		458301971FB8E7700087C6BA = {
			isa = PBXGroup;
			children = (
				458301A21FB8E7700087C6BA /* ChainAnimation */,
				458301BA1FB8E7710087C6BA /* ChainAnimationTests */,
				458301C51FB8E7710087C6BA /* ChainAnimationUITests */,
				458301A11FB8E7700087C6BA /* Products */,
			);
			sourceTree = "<group>";
		};
		458301A11FB8E7700087C6BA /* Products */ = {
			isa = PBXGroup;
			children = (
				458301A01FB8E7700087C6BA /* ChainAnimation.app */,
				458301B71FB8E7710087C6BA /* ChainAnimationTests.xctest */,
				458301C21FB8E7710087C6BA /* ChainAnimationUITests.xctest */,
			);
			name = Products;
			sourceTree = "<group>";
		};
		458301A21FB8E7700087C6BA /* ChainAnimation */ = {
			isa = PBXGroup;
			children = (
				458301A31FB8E7700087C6BA /* AppDelegate.swift */,
				458301A51FB8E7700087C6BA /* ViewController.swift */,
				458301D41FB9003F0087C6BA /* RoundButton.swift */,
				45CF46AA1FB9CF3500AC338F /* UIViewX.swift */,
				45CF46AE1FB9D17D00AC338F /* RateFoodVC.swift */,
				458301A71FB8E7700087C6BA /* Main.storyboard */,
				458301AD1FB8E7700087C6BA /* Assets.xcassets */,
				458301AF1FB8E7700087C6BA /* LaunchScreen.storyboard */,
				458301B21FB8E7700087C6BA /* Info.plist */,
				458301AA1FB8E7700087C6BA /* ChainAnimation.xcdatamodeld */,
			);
			path = ChainAnimation;
			sourceTree = "<group>";
		};
		458301BA1FB8E7710087C6BA /* ChainAnimationTests */ = {
			isa = PBXGroup;
			children = (
				458301BB1FB8E7710087C6BA /* ChainAnimationTests.swift */,
				458301BD1FB8E7710087C6BA /* Info.plist */,
			);
			path = ChainAnimationTests;
			sourceTree = "<group>";
		};
		458301C51FB8E7710087C6BA /* ChainAnimationUITests */ = {
			isa = PBXGroup;
			children = (
				458301C61FB8E7710087C6BA /* ChainAnimationUITests.swift */,
				458301C81FB8E7710087C6BA /* Info.plist */,
			);
			path = ChainAnimationUITests;
			sourceTree = "<group>";
		};
/* End PBXGroup section */

/* Begin PBXNativeTarget section */
		4583019F1FB8E7700087C6BA /* ChainAnimation */ = {
			isa = PBXNativeTarget;
			buildConfigurationList = 458301CB1FB8E7710087C6BA /* Build configuration list for PBXNativeTarget "ChainAnimation" */;
			buildPhases = (
				4583019C1FB8E7700087C6BA /* Sources */,
				4583019D1FB8E7700087C6BA /* Frameworks */,
				4583019E1FB8E7700087C6BA /* Resources */,
			);
			buildRules = (
			);
			dependencies = (
			);
			name = ChainAnimation;
			productName = ChainAnimation;
			productReference = 458301A01FB8E7700087C6BA /* ChainAnimation.app */;
			productType = "com.apple.product-type.application";
		};
		458301B61FB8E7710087C6BA /* ChainAnimationTests */ = {
			isa = PBXNativeTarget;
			buildConfigurationList = 458301CE1FB8E7710087C6BA /* Build configuration list for PBXNativeTarget "ChainAnimationTests" */;
			buildPhases = (
				458301B31FB8E7710087C6BA /* Sources */,
				458301B41FB8E7710087C6BA /* Frameworks */,
				458301B51FB8E7710087C6BA /* Resources */,
			);
			buildRules = (
			);
			dependencies = (
				458301B91FB8E7710087C6BA /* PBXTargetDependency */,
			);
			name = ChainAnimationTests;
			productName = ChainAnimationTests;
			productReference = 458301B71FB8E7710087C6BA /* ChainAnimationTests.xctest */;
			productType = "com.apple.product-type.bundle.unit-test";
		};
		458301C11FB8E7710087C6BA /* ChainAnimationUITests */ = {
			isa = PBXNativeTarget;
			buildConfigurationList = 458301D11FB8E7710087C6BA /* Build configuration list for PBXNativeTarget "ChainAnimationUITests" */;
			buildPhases = (
				458301BE1FB8E7710087C6BA /* Sources */,
				458301BF1FB8E7710087C6BA /* Frameworks */,
				458301C01FB8E7710087C6BA /* Resources */,
			);
			buildRules = (
			);
			dependencies = (
				458301C41FB8E7710087C6BA /* PBXTargetDependency */,
			);
			name = ChainAnimationUITests;
			productName = ChainAnimationUITests;
			productReference = 458301C21FB8E7710087C6BA /* ChainAnimationUITests.xctest */;
			productType = "com.apple.product-type.bundle.ui-testing";
		};
/* End PBXNativeTarget section */

/* Begin PBXProject section */
		458301981FB8E7700087C6BA /* Project object */ = {
			isa = PBXProject;
			attributes = {
				LastSwiftUpdateCheck = 0910;
				LastUpgradeCheck = 0910;
				ORGANIZATIONNAME = "anjani vangallu";
				TargetAttributes = {
					4583019F1FB8E7700087C6BA = {
						CreatedOnToolsVersion = 9.1;
						ProvisioningStyle = Automatic;
					};
					458301B61FB8E7710087C6BA = {
						CreatedOnToolsVersion = 9.1;
						ProvisioningStyle = Automatic;
						TestTargetID = 4583019F1FB8E7700087C6BA;
					};
					458301C11FB8E7710087C6BA = {
						CreatedOnToolsVersion = 9.1;
						ProvisioningStyle = Automatic;
						TestTargetID = 4583019F1FB8E7700087C6BA;
					};
				};
			};
			buildConfigurationList = 4583019B1FB8E7700087C6BA /* Build configuration list for PBXProject "ChainAnimation" */;
			compatibilityVersion = "Xcode 8.0";
			developmentRegion = en;
			hasScannedForEncodings = 0;
			knownRegions = (
				en,
				Base,
			);
			mainGroup = 458301971FB8E7700087C6BA;
			productRefGroup = 458301A11FB8E7700087C6BA /* Products */;
			projectDirPath = "";
			projectRoot = "";
			targets = (
				4583019F1FB8E7700087C6BA /* ChainAnimation */,
				458301B61FB8E7710087C6BA /* ChainAnimationTests */,
				458301C11FB8E7710087C6BA /* ChainAnimationUITests */,
			);
		};
/* End PBXProject section */

/* Begin PBXResourcesBuildPhase section */
		4583019E1FB8E7700087C6BA /* Resources */ = {
			isa = PBXResourcesBuildPhase;
			buildActionMask = 2147483647;
			files = (
				458301B11FB8E7700087C6BA /* LaunchScreen.storyboard in Resources */,
				458301AE1FB8E7700087C6BA /* Assets.xcassets in Resources */,
				458301A91FB8E7700087C6BA /* Main.storyboard in Resources */,
			);
			runOnlyForDeploymentPostprocessing = 0;
		};
		458301B51FB8E7710087C6BA /* Resources */ = {
			isa = PBXResourcesBuildPhase;
			buildActionMask = 2147483647;
			files = (
			);
			runOnlyForDeploymentPostprocessing = 0;
		};
		458301C01FB8E7710087C6BA /* Resources */ = {
			isa = PBXResourcesBuildPhase;
			buildActionMask = 2147483647;
			files = (
			);
			runOnlyForDeploymentPostprocessing = 0;
		};
/* End PBXResourcesBuildPhase section */

/* Begin PBXSourcesBuildPhase section */
		4583019C1FB8E7700087C6BA /* Sources */ = {
			isa = PBXSourcesBuildPhase;
			buildActionMask = 2147483647;
			files = (
				458301D51FB9003F0087C6BA /* RoundButton.swift in Sources */,
				458301A61FB8E7700087C6BA /* ViewController.swift in Sources */,
				45CF46AF1FB9D17D00AC338F /* RateFoodVC.swift in Sources */,
				458301AC1FB8E7700087C6BA /* ChainAnimation.xcdatamodeld in Sources */,
				45CF46AB1FB9CF3500AC338F /* UIViewX.swift in Sources */,
				458301A41FB8E7700087C6BA /* AppDelegate.swift in Sources */,
			);
			runOnlyForDeploymentPostprocessing = 0;
		};
		458301B31FB8E7710087C6BA /* Sources */ = {
			isa = PBXSourcesBuildPhase;
			buildActionMask = 2147483647;
			files = (
				458301BC1FB8E7710087C6BA /* ChainAnimationTests.swift in Sources */,
			);
			runOnlyForDeploymentPostprocessing = 0;
		};
		458301BE1FB8E7710087C6BA /* Sources */ = {
			isa = PBXSourcesBuildPhase;
			buildActionMask = 2147483647;
			files = (
				458301C71FB8E7710087C6BA /* ChainAnimationUITests.swift in Sources */,
			);
			runOnlyForDeploymentPostprocessing = 0;
		};
/* End PBXSourcesBuildPhase section */

/* Begin PBXTargetDependency section */
		458301B91FB8E7710087C6BA /* PBXTargetDependency */ = {
			isa = PBXTargetDependency;
			target = 4583019F1FB8E7700087C6BA /* ChainAnimation */;
			targetProxy = 458301B81FB8E7710087C6BA /* PBXContainerItemProxy */;
		};
		458301C41FB8E7710087C6BA /* PBXTargetDependency */ = {
			isa = PBXTargetDependency;
			target = 4583019F1FB8E7700087C6BA /* ChainAnimation */;
			targetProxy = 458301C31FB8E7710087C6BA /* PBXContainerItemProxy */;
		};
/* End PBXTargetDependency section */

/* Begin PBXVariantGroup section */
		458301A71FB8E7700087C6BA /* Main.storyboard */ = {
			isa = PBXVariantGroup;
			children = (
				458301A81FB8E7700087C6BA /* Base */,
			);
			name = Main.storyboard;
			sourceTree = "<group>";
		};
		458301AF1FB8E7700087C6BA /* LaunchScreen.storyboard */ = {
			isa = PBXVariantGroup;
			children = (
				458301B01FB8E7700087C6BA /* Base */,
			);
			name = LaunchScreen.storyboard;
			sourceTree = "<group>";
		};
/* End PBXVariantGroup section */

/* Begin XCBuildConfiguration section */
		458301C91FB8E7710087C6BA /* Debug */ = {
			isa = XCBuildConfiguration;
			buildSettings = {
				ALWAYS_SEARCH_USER_PATHS = NO;
				CLANG_ANALYZER_NONNULL = YES;
				CLANG_ANALYZER_NUMBER_OBJECT_CONVERSION = YES_AGGRESSIVE;
				CLANG_CXX_LANGUAGE_STANDARD = "gnu++14";
				CLANG_CXX_LIBRARY = "libc++";
				CLANG_ENABLE_MODULES = YES;
				CLANG_ENABLE_OBJC_ARC = YES;
				CLANG_WARN_BLOCK_CAPTURE_AUTORELEASING = YES;
				CLANG_WARN_BOOL_CONVERSION = YES;
				CLANG_WARN_COMMA = YES;
				CLANG_WARN_CONSTANT_CONVERSION = YES;
				CLANG_WARN_DIRECT_OBJC_ISA_USAGE = YES_ERROR;
				CLANG_WARN_DOCUMENTATION_COMMENTS = YES;
				CLANG_WARN_EMPTY_BODY = YES;
				CLANG_WARN_ENUM_CONVERSION = YES;
				CLANG_WARN_INFINITE_RECURSION = YES;
				CLANG_WARN_INT_CONVERSION = YES;
				CLANG_WARN_NON_LITERAL_NULL_CONVERSION = YES;
				CLANG_WARN_OBJC_LITERAL_CONVERSION = YES;
				CLANG_WARN_OBJC_ROOT_CLASS = YES_ERROR;
				CLANG_WARN_RANGE_LOOP_ANALYSIS = YES;
				CLANG_WARN_STRICT_PROTOTYPES = YES;
				CLANG_WARN_SUSPICIOUS_MOVE = YES;
				CLANG_WARN_UNGUARDED_AVAILABILITY = YES_AGGRESSIVE;
				CLANG_WARN_UNREACHABLE_CODE = YES;
				CLANG_WARN__DUPLICATE_METHOD_MATCH = YES;
				CODE_SIGN_IDENTITY = "iPhone Developer";
				COPY_PHASE_STRIP = NO;
				DEBUG_INFORMATION_FORMAT = dwarf;
				ENABLE_STRICT_OBJC_MSGSEND = YES;
				ENABLE_TESTABILITY = YES;
				GCC_C_LANGUAGE_STANDARD = gnu11;
				GCC_DYNAMIC_NO_PIC = NO;
				GCC_NO_COMMON_BLOCKS = YES;
				GCC_OPTIMIZATION_LEVEL = 0;
				GCC_PREPROCESSOR_DEFINITIONS = (
					"DEBUG=1",
					"$(inherited)",
				);
				GCC_WARN_64_TO_32_BIT_CONVERSION = YES;
				GCC_WARN_ABOUT_RETURN_TYPE = YES_ERROR;
				GCC_WARN_UNDECLARED_SELECTOR = YES;
				GCC_WARN_UNINITIALIZED_AUTOS = YES_AGGRESSIVE;
				GCC_WARN_UNUSED_FUNCTION = YES;
				GCC_WARN_UNUSED_VARIABLE = YES;
				IPHONEOS_DEPLOYMENT_TARGET = 11.1;
				MTL_ENABLE_DEBUG_INFO = YES;
				ONLY_ACTIVE_ARCH = YES;
				SDKROOT = iphoneos;
				SWIFT_ACTIVE_COMPILATION_CONDITIONS = DEBUG;
				SWIFT_OPTIMIZATION_LEVEL = "-Onone";
			};
			name = Debug;
		};
		458301CA1FB8E7710087C6BA /* Release */ = {
			isa = XCBuildConfiguration;
			buildSettings = {
				ALWAYS_SEARCH_USER_PATHS = NO;
				CLANG_ANALYZER_NONNULL = YES;
				CLANG_ANALYZER_NUMBER_OBJECT_CONVERSION = YES_AGGRESSIVE;
				CLANG_CXX_LANGUAGE_STANDARD = "gnu++14";
				CLANG_CXX_LIBRARY = "libc++";
				CLANG_ENABLE_MODULES = YES;
				CLANG_ENABLE_OBJC_ARC = YES;
				CLANG_WARN_BLOCK_CAPTURE_AUTORELEASING = YES;
				CLANG_WARN_BOOL_CONVERSION = YES;
				CLANG_WARN_COMMA = YES;
				CLANG_WARN_CONSTANT_CONVERSION = YES;
				CLANG_WARN_DIRECT_OBJC_ISA_USAGE = YES_ERROR;
				CLANG_WARN_DOCUMENTATION_COMMENTS = YES;
				CLANG_WARN_EMPTY_BODY = YES;
				CLANG_WARN_ENUM_CONVERSION = YES;
				CLANG_WARN_INFINITE_RECURSION = YES;
				CLANG_WARN_INT_CONVERSION = YES;
				CLANG_WARN_NON_LITERAL_NULL_CONVERSION = YES;
				CLANG_WARN_OBJC_LITERAL_CONVERSION = YES;
				CLANG_WARN_OBJC_ROOT_CLASS = YES_ERROR;
				CLANG_WARN_RANGE_LOOP_ANALYSIS = YES;
				CLANG_WARN_STRICT_PROTOTYPES = YES;
				CLANG_WARN_SUSPICIOUS_MOVE = YES;
				CLANG_WARN_UNGUARDED_AVAILABILITY = YES_AGGRESSIVE;
				CLANG_WARN_UNREACHABLE_CODE = YES;
				CLANG_WARN__DUPLICATE_METHOD_MATCH = YES;
				CODE_SIGN_IDENTITY = "iPhone Developer";
				COPY_PHASE_STRIP = NO;
				DEBUG_INFORMATION_FORMAT = "dwarf-with-dsym";
				ENABLE_NS_ASSERTIONS = NO;
				ENABLE_STRICT_OBJC_MSGSEND = YES;
				GCC_C_LANGUAGE_STANDARD = gnu11;
				GCC_NO_COMMON_BLOCKS = YES;
				GCC_WARN_64_TO_32_BIT_CONVERSION = YES;
				GCC_WARN_ABOUT_RETURN_TYPE = YES_ERROR;
				GCC_WARN_UNDECLARED_SELECTOR = YES;
				GCC_WARN_UNINITIALIZED_AUTOS = YES_AGGRESSIVE;
				GCC_WARN_UNUSED_FUNCTION = YES;
				GCC_WARN_UNUSED_VARIABLE = YES;
				IPHONEOS_DEPLOYMENT_TARGET = 11.1;
				MTL_ENABLE_DEBUG_INFO = NO;
				SDKROOT = iphoneos;
				SWIFT_OPTIMIZATION_LEVEL = "-Owholemodule";
				VALIDATE_PRODUCT = YES;
			};
			name = Release;
		};
		458301CC1FB8E7710087C6BA /* Debug */ = {
			isa = XCBuildConfiguration;
			buildSettings = {
				ASSETCATALOG_COMPILER_APPICON_NAME = AppIcon;
				CODE_SIGN_STYLE = Automatic;
				INFOPLIST_FILE = ChainAnimation/Info.plist;
				LD_RUNPATH_SEARCH_PATHS = "$(inherited) @executable_path/Frameworks";
				PRODUCT_BUNDLE_IDENTIFIER = cocoa.ChainAnimation;
				PRODUCT_NAME = "$(TARGET_NAME)";
				SWIFT_VERSION = 4.0;
				TARGETED_DEVICE_FAMILY = "1,2";
			};
			name = Debug;
		};
		458301CD1FB8E7710087C6BA /* Release */ = {
			isa = XCBuildConfiguration;
			buildSettings = {
				ASSETCATALOG_COMPILER_APPICON_NAME = AppIcon;
				CODE_SIGN_STYLE = Automatic;
				INFOPLIST_FILE = ChainAnimation/Info.plist;
				LD_RUNPATH_SEARCH_PATHS = "$(inherited) @executable_path/Frameworks";
				PRODUCT_BUNDLE_IDENTIFIER = cocoa.ChainAnimation;
				PRODUCT_NAME = "$(TARGET_NAME)";
				SWIFT_VERSION = 4.0;
				TARGETED_DEVICE_FAMILY = "1,2";
			};
			name = Release;
		};
		458301CF1FB8E7710087C6BA /* Debug */ = {
			isa = XCBuildConfiguration;
			buildSettings = {
				ALWAYS_EMBED_SWIFT_STANDARD_LIBRARIES = YES;
				BUNDLE_LOADER = "$(TEST_HOST)";
				CODE_SIGN_STYLE = Automatic;
				INFOPLIST_FILE = ChainAnimationTests/Info.plist;
				LD_RUNPATH_SEARCH_PATHS = "$(inherited) @executable_path/Frameworks @loader_path/Frameworks";
				PRODUCT_BUNDLE_IDENTIFIER = cocoa.ChainAnimationTests;
				PRODUCT_NAME = "$(TARGET_NAME)";
				SWIFT_VERSION = 4.0;
				TARGETED_DEVICE_FAMILY = "1,2";
				TEST_HOST = "$(BUILT_PRODUCTS_DIR)/ChainAnimation.app/ChainAnimation";
			};
			name = Debug;
		};
		458301D01FB8E7710087C6BA /* Release */ = {
			isa = XCBuildConfiguration;
			buildSettings = {
				ALWAYS_EMBED_SWIFT_STANDARD_LIBRARIES = YES;
				BUNDLE_LOADER = "$(TEST_HOST)";
				CODE_SIGN_STYLE = Automatic;
				INFOPLIST_FILE = ChainAnimationTests/Info.plist;
				LD_RUNPATH_SEARCH_PATHS = "$(inherited) @executable_path/Frameworks @loader_path/Frameworks";
				PRODUCT_BUNDLE_IDENTIFIER = cocoa.ChainAnimationTests;
				PRODUCT_NAME = "$(TARGET_NAME)";
				SWIFT_VERSION = 4.0;
				TARGETED_DEVICE_FAMILY = "1,2";
				TEST_HOST = "$(BUILT_PRODUCTS_DIR)/ChainAnimation.app/ChainAnimation";
			};
			name = Release;
		};
		458301D21FB8E7710087C6BA /* Debug */ = {
			isa = XCBuildConfiguration;
			buildSettings = {
				ALWAYS_EMBED_SWIFT_STANDARD_LIBRARIES = YES;
				CODE_SIGN_STYLE = Automatic;
				INFOPLIST_FILE = ChainAnimationUITests/Info.plist;
				LD_RUNPATH_SEARCH_PATHS = "$(inherited) @executable_path/Frameworks @loader_path/Frameworks";
				PRODUCT_BUNDLE_IDENTIFIER = cocoa.ChainAnimationUITests;
				PRODUCT_NAME = "$(TARGET_NAME)";
				SWIFT_VERSION = 4.0;
				TARGETED_DEVICE_FAMILY = "1,2";
				TEST_TARGET_NAME = ChainAnimation;
			};
			name = Debug;
		};
		458301D31FB8E7710087C6BA /* Release */ = {
			isa = XCBuildConfiguration;
			buildSettings = {
				ALWAYS_EMBED_SWIFT_STANDARD_LIBRARIES = YES;
				CODE_SIGN_STYLE = Automatic;
				INFOPLIST_FILE = ChainAnimationUITests/Info.plist;
				LD_RUNPATH_SEARCH_PATHS = "$(inherited) @executable_path/Frameworks @loader_path/Frameworks";
				PRODUCT_BUNDLE_IDENTIFIER = cocoa.ChainAnimationUITests;
				PRODUCT_NAME = "$(TARGET_NAME)";
				SWIFT_VERSION = 4.0;
				TARGETED_DEVICE_FAMILY = "1,2";
				TEST_TARGET_NAME = ChainAnimation;
			};
			name = Release;
		};
/* End XCBuildConfiguration section */

/* Begin XCConfigurationList section */
		4583019B1FB8E7700087C6BA /* Build configuration list for PBXProject "ChainAnimation" */ = {
			isa = XCConfigurationList;
			buildConfigurations = (
				458301C91FB8E7710087C6BA /* Debug */,
				458301CA1FB8E7710087C6BA /* Release */,
			);
			defaultConfigurationIsVisible = 0;
			defaultConfigurationName = Release;
		};
		458301CB1FB8E7710087C6BA /* Build configuration list for PBXNativeTarget "ChainAnimation" */ = {
			isa = XCConfigurationList;
			buildConfigurations = (
				458301CC1FB8E7710087C6BA /* Debug */,
				458301CD1FB8E7710087C6BA /* Release */,
			);
			defaultConfigurationIsVisible = 0;
			defaultConfigurationName = Release;
		};
		458301CE1FB8E7710087C6BA /* Build configuration list for PBXNativeTarget "ChainAnimationTests" */ = {
			isa = XCConfigurationList;
			buildConfigurations = (
				458301CF1FB8E7710087C6BA /* Debug */,
				458301D01FB8E7710087C6BA /* Release */,
			);
			defaultConfigurationIsVisible = 0;
			defaultConfigurationName = Release;
		};
		458301D11FB8E7710087C6BA /* Build configuration list for PBXNativeTarget "ChainAnimationUITests" */ = {
			isa = XCConfigurationList;
			buildConfigurations = (
				458301D21FB8E7710087C6BA /* Debug */,
				458301D31FB8E7710087C6BA /* Release */,
			);
			defaultConfigurationIsVisible = 0;
			defaultConfigurationName = Release;
		};
/* End XCConfigurationList section */

/* Begin XCVersionGroup section */
		458301AA1FB8E7700087C6BA /* ChainAnimation.xcdatamodeld */ = {
			isa = XCVersionGroup;
			children = (
				458301AB1FB8E7700087C6BA /* ChainAnimation.xcdatamodel */,
			);
			currentVersion = 458301AB1FB8E7700087C6BA /* ChainAnimation.xcdatamodel */;
			path = ChainAnimation.xcdatamodeld;
			sourceTree = "<group>";
			versionGroupType = wrapper.xcdatamodel;
		};
/* End XCVersionGroup section */
	};
	rootObject = 458301981FB8E7700087C6BA /* Project object */;
}
